
Microsoft Visual Studio Solution File, Format Version 12.00
# Visual Studio Version 17
VisualStudioVersion = 17.5.33530.505
MinimumVisualStudioVersion = 10.0.40219.1
Project("{FAE04EC0-301F-11D3-BF4B-00C04F79EFBC}") = "BLOGged", "BLOGged\BLOGged.csproj", "{0B4C5737-EEFB-46A7-B4A9-8EE9F9E18384}"
EndProject
Global
	GlobalSection(SolutionConfigurationPlatforms) = preSolution
		Debug|Any CPU = Debug|Any CPU
		Release|Any CPU = Release|Any CPU
	EndGlobalSection
	GlobalSection(ProjectConfigurationPlatforms) = postSolution
		{0B4C5737-EEFB-46A7-B4A9-8EE9F9E18384}.Debug|Any CPU.ActiveCfg = Debug|Any CPU
		{0B4C5737-EEFB-46A7-B4A9-8EE9F9E18384}.Debug|Any CPU.Build.0 = Debug|Any CPU
		{0B4C5737-EEFB-46A7-B4A9-8EE9F9E18384}.Release|Any CPU.ActiveCfg = Release|Any CPU
		{0B4C5737-EEFB-46A7-B4A9-8EE9F9E18384}.Release|Any CPU.Build.0 = Release|Any CPU
	EndGlobalSection
	GlobalSection(SolutionProperties) = preSolution
		HideSolutionNode = FALSE
	EndGlobalSection
	GlobalSection(ExtensibilityGlobals) = postSolution
		SolutionGuid = {AB874DC3-D7AE-47F1-8B53-86BE7713CEC0}
	EndGlobalSection
EndGlobal
